
Microsoft Visual Studio Solution File, Format Version 12.00
# Visual Studio 15
Project("{FAE04EC0-301F-11D3-BF4B-00C04F79EFBC}") = "MtsTestXamarinApp.Android", "MtsTestXamarinApp.Android\MtsTestXamarinApp.Android.csproj", "{737A8636-E85F-4D6F-A8D7-4E80A340A0F3}"
EndProject
Project("{FAE04EC0-301F-11D3-BF4B-00C04F79EFBC}") = "MtsTestXamarinApp.iOS", "MtsTestXamarinApp.iOS\MtsTestXamarinApp.iOS.csproj", "{31BA174B-0533-4701-930C-9912B2151571}"
EndProject
Project("{FAE04EC0-301F-11D3-BF4B-00C04F79EFBC}") = "MtsTestXamarinApp", "MtsTestXamarinApp\MtsTestXamarinApp.csproj", "{FE899CE7-5F1E-442E-89DF-6A19080D5CA9}"
EndProject
Global
	GlobalSection(SolutionConfigurationPlatforms) = preSolution
		Debug|Any CPU = Debug|Any CPU
		Release|Any CPU = Release|Any CPU
		Debug|iPhoneSimulator = Debug|iPhoneSimulator
		Release|iPhoneSimulator = Release|iPhoneSimulator
		Debug|iPhone = Debug|iPhone
		Release|iPhone = Release|iPhone
	EndGlobalSection
	GlobalSection(ProjectConfigurationPlatforms) = postSolution
		{737A8636-E85F-4D6F-A8D7-4E80A340A0F3}.Debug|Any CPU.ActiveCfg = Debug|Any CPU
		{737A8636-E85F-4D6F-A8D7-4E80A340A0F3}.Debug|Any CPU.Build.0 = Debug|Any CPU
		{737A8636-E85F-4D6F-A8D7-4E80A340A0F3}.Release|Any CPU.ActiveCfg = Release|Any CPU
		{737A8636-E85F-4D6F-A8D7-4E80A340A0F3}.Release|Any CPU.Build.0 = Release|Any CPU
		{737A8636-E85F-4D6F-A8D7-4E80A340A0F3}.Debug|iPhoneSimulator.ActiveCfg = Debug|Any CPU
		{737A8636-E85F-4D6F-A8D7-4E80A340A0F3}.Debug|iPhoneSimulator.Build.0 = Debug|Any CPU
		{737A8636-E85F-4D6F-A8D7-4E80A340A0F3}.Release|iPhoneSimulator.ActiveCfg = Release|Any CPU
		{737A8636-E85F-4D6F-A8D7-4E80A340A0F3}.Release|iPhoneSimulator.Build.0 = Release|Any CPU
		{737A8636-E85F-4D6F-A8D7-4E80A340A0F3}.Debug|iPhone.ActiveCfg = Debug|Any CPU
		{737A8636-E85F-4D6F-A8D7-4E80A340A0F3}.Debug|iPhone.Build.0 = Debug|Any CPU
		{737A8636-E85F-4D6F-A8D7-4E80A340A0F3}.Release|iPhone.ActiveCfg = Release|Any CPU
		{737A8636-E85F-4D6F-A8D7-4E80A340A0F3}.Release|iPhone.Build.0 = Release|Any CPU
		{31BA174B-0533-4701-930C-9912B2151571}.Debug|Any CPU.ActiveCfg = Debug|iPhoneSimulator
		{31BA174B-0533-4701-930C-9912B2151571}.Debug|Any CPU.Build.0 = Debug|iPhoneSimulator
		{31BA174B-0533-4701-930C-9912B2151571}.Release|Any CPU.ActiveCfg = Release|iPhoneSimulator
		{31BA174B-0533-4701-930C-9912B2151571}.Release|Any CPU.Build.0 = Release|iPhoneSimulator
		{31BA174B-0533-4701-930C-9912B2151571}.Debug|iPhoneSimulator.ActiveCfg = Debug|iPhoneSimulator
		{31BA174B-0533-4701-930C-9912B2151571}.Debug|iPhoneSimulator.Build.0 = Debug|iPhoneSimulator
		{31BA174B-0533-4701-930C-9912B2151571}.Release|iPhoneSimulator.ActiveCfg = Release|iPhoneSimulator
		{31BA174B-0533-4701-930C-9912B2151571}.Release|iPhoneSimulator.Build.0 = Release|iPhoneSimulator
		{31BA174B-0533-4701-930C-9912B2151571}.Debug|iPhone.ActiveCfg = Debug|iPhone
		{31BA174B-0533-4701-930C-9912B2151571}.Debug|iPhone.Build.0 = Debug|iPhone
		{31BA174B-0533-4701-930C-9912B2151571}.Release|iPhone.ActiveCfg = Release|iPhone
		{31BA174B-0533-4701-930C-9912B2151571}.Release|iPhone.Build.0 = Release|iPhone
		{FE899CE7-5F1E-442E-89DF-6A19080D5CA9}.Debug|Any CPU.ActiveCfg = Debug|Any CPU
		{FE899CE7-5F1E-442E-89DF-6A19080D5CA9}.Debug|Any CPU.Build.0 = Debug|Any CPU
		{FE899CE7-5F1E-442E-89DF-6A19080D5CA9}.Release|Any CPU.ActiveCfg = Release|Any CPU
		{FE899CE7-5F1E-442E-89DF-6A19080D5CA9}.Release|Any CPU.Build.0 = Release|Any CPU
		{FE899CE7-5F1E-442E-89DF-6A19080D5CA9}.Debug|iPhoneSimulator.ActiveCfg = Debug|Any CPU
		{FE899CE7-5F1E-442E-89DF-6A19080D5CA9}.Debug|iPhoneSimulator.Build.0 = Debug|Any CPU
		{FE899CE7-5F1E-442E-89DF-6A19080D5CA9}.Release|iPhoneSimulator.ActiveCfg = Release|Any CPU
		{FE899CE7-5F1E-442E-89DF-6A19080D5CA9}.Release|iPhoneSimulator.Build.0 = Release|Any CPU
		{FE899CE7-5F1E-442E-89DF-6A19080D5CA9}.Debug|iPhone.ActiveCfg = Debug|Any CPU
		{FE899CE7-5F1E-442E-89DF-6A19080D5CA9}.Debug|iPhone.Build.0 = Debug|Any CPU
		{FE899CE7-5F1E-442E-89DF-6A19080D5CA9}.Release|iPhone.ActiveCfg = Release|Any CPU
		{FE899CE7-5F1E-442E-89DF-6A19080D5CA9}.Release|iPhone.Build.0 = Release|Any CPU
	EndGlobalSection
EndGlobal
